
Microsoft Visual Studio Solution File, Format Version 12.00
# Visual Studio Version 16
VisualStudioVersion = 16.0.28729.10
MinimumVisualStudioVersion = 10.0.40219.1
Project("{FAE04EC0-301F-11D3-BF4B-00C04F79EFBC}") = "AopTest", "AopTest\AopTest.csproj", "{534B4053-FCA1-41C8-B249-2EB4809A8CB8}"
EndProject
Project("{FAE04EC0-301F-11D3-BF4B-00C04F79EFBC}") = "CachingUnitTests", "CachingUnitTests\CachingUnitTests.csproj", "{C94B874D-FF7C-4EC7-A51C-8BC14D840F02}"
EndProject
Global
	GlobalSection(SolutionConfigurationPlatforms) = preSolution
		Debug|Any CPU = Debug|Any CPU
		Release|Any CPU = Release|Any CPU
	EndGlobalSection
	GlobalSection(ProjectConfigurationPlatforms) = postSolution
		{534B4053-FCA1-41C8-B249-2EB4809A8CB8}.Debug|Any CPU.ActiveCfg = Debug|Any CPU
		{534B4053-FCA1-41C8-B249-2EB4809A8CB8}.Debug|Any CPU.Build.0 = Debug|Any CPU
		{534B4053-FCA1-41C8-B249-2EB4809A8CB8}.Release|Any CPU.ActiveCfg = Release|Any CPU
		{534B4053-FCA1-41C8-B249-2EB4809A8CB8}.Release|Any CPU.Build.0 = Release|Any CPU
		{C94B874D-FF7C-4EC7-A51C-8BC14D840F02}.Debug|Any CPU.ActiveCfg = Debug|Any CPU
		{C94B874D-FF7C-4EC7-A51C-8BC14D840F02}.Debug|Any CPU.Build.0 = Debug|Any CPU
		{C94B874D-FF7C-4EC7-A51C-8BC14D840F02}.Release|Any CPU.ActiveCfg = Release|Any CPU
		{C94B874D-FF7C-4EC7-A51C-8BC14D840F02}.Release|Any CPU.Build.0 = Release|Any CPU
	EndGlobalSection
	GlobalSection(SolutionProperties) = preSolution
		HideSolutionNode = FALSE
	EndGlobalSection
	GlobalSection(ExtensibilityGlobals) = postSolution
		SolutionGuid = {0BBD8117-213A-4F41-8FDC-BA33651FCCC3}
	EndGlobalSection
EndGlobal
